// !$*UTF8*$!
{
	archiveVersion = 1;
	classes = {
	};
	objectVersion = 46;
	objects = {

/* Begin PBXBuildFile section */
		77471DAF1A98EC17008CE1A2 /* AppDelegate.swift in Sources */ = {isa = PBXBuildFile; fileRef = 77471DAE1A98EC17008CE1A2 /* AppDelegate.swift */; };
		77471DB11A98EC17008CE1A2 /* ViewController.swift in Sources */ = {isa = PBXBuildFile; fileRef = 77471DB01A98EC17008CE1A2 /* ViewController.swift */; };
		77471DB41A98EC17008CE1A2 /* Main.storyboard in Resources */ = {isa = PBXBuildFile; fileRef = 77471DB21A98EC17008CE1A2 /* Main.storyboard */; };
		77471DB61A98EC17008CE1A2 /* Images.xcassets in Resources */ = {isa = PBXBuildFile; fileRef = 77471DB51A98EC17008CE1A2 /* Images.xcassets */; };
		77471DB91A98EC17008CE1A2 /* LaunchScreen.xib in Resources */ = {isa = PBXBuildFile; fileRef = 77471DB71A98EC17008CE1A2 /* LaunchScreen.xib */; };
		77471DC51A98EC17008CE1A2 /* StormyTests.swift in Sources */ = {isa = PBXBuildFile; fileRef = 77471DC41A98EC17008CE1A2 /* StormyTests.swift */; };
		77471DCF1A98ECD9008CE1A2 /* Weather.swift in Sources */ = {isa = PBXBuildFile; fileRef = 77471DCE1A98ECD9008CE1A2 /* Weather.swift */; };
/* End PBXBuildFile section */

/* Begin PBXContainerItemProxy section */
		77471DBF1A98EC17008CE1A2 /* PBXContainerItemProxy */ = {
			isa = PBXContainerItemProxy;
			containerPortal = 77471DA11A98EC17008CE1A2 /* Project object */;
			proxyType = 1;
			remoteGlobalIDString = 77471DA81A98EC17008CE1A2;
			remoteInfo = Stormy;
		};
/* End PBXContainerItemProxy section */

/* Begin PBXFileReference section */
		77471DA91A98EC17008CE1A2 /* Stormy.app */ = {isa = PBXFileReference; explicitFileType = wrapper.application; includeInIndex = 0; path = Stormy.app; sourceTree = BUILT_PRODUCTS_DIR; };
		77471DAD1A98EC17008CE1A2 /* Info.plist */ = {isa = PBXFileReference; lastKnownFileType = text.plist.xml; path = Info.plist; sourceTree = "<group>"; };
		77471DAE1A98EC17008CE1A2 /* AppDelegate.swift */ = {isa = PBXFileReference; lastKnownFileType = sourcecode.swift; path = AppDelegate.swift; sourceTree = "<group>"; };
		77471DB01A98EC17008CE1A2 /* ViewController.swift */ = {isa = PBXFileReference; lastKnownFileType = sourcecode.swift; path = ViewController.swift; sourceTree = "<group>"; };
		77471DB31A98EC17008CE1A2 /* Base */ = {isa = PBXFileReference; lastKnownFileType = file.storyboard; name = Base; path = Base.lproj/Main.storyboard; sourceTree = "<group>"; };
		77471DB51A98EC17008CE1A2 /* Images.xcassets */ = {isa = PBXFileReference; lastKnownFileType = folder.assetcatalog; path = Images.xcassets; sourceTree = "<group>"; };
		77471DB81A98EC17008CE1A2 /* Base */ = {isa = PBXFileReference; lastKnownFileType = file.xib; name = Base; path = Base.lproj/LaunchScreen.xib; sourceTree = "<group>"; };
		77471DBE1A98EC17008CE1A2 /* StormyTests.xctest */ = {isa = PBXFileReference; explicitFileType = wrapper.cfbundle; includeInIndex = 0; path = StormyTests.xctest; sourceTree = BUILT_PRODUCTS_DIR; };
		77471DC31A98EC17008CE1A2 /* Info.plist */ = {isa = PBXFileReference; lastKnownFileType = text.plist.xml; path = Info.plist; sourceTree = "<group>"; };
		77471DC41A98EC17008CE1A2 /* StormyTests.swift */ = {isa = PBXFileReference; lastKnownFileType = sourcecode.swift; path = StormyTests.swift; sourceTree = "<group>"; };
		77471DCE1A98ECD9008CE1A2 /* Weather.swift */ = {isa = PBXFileReference; fileEncoding = 4; lastKnownFileType = sourcecode.swift; path = Weather.swift; sourceTree = "<group>"; };
/* End PBXFileReference section */

/* Begin PBXFrameworksBuildPhase section */
		77471DA61A98EC17008CE1A2 /* Frameworks */ = {
			isa = PBXFrameworksBuildPhase;
			buildActionMask = 2147483647;
			files = (
			);
			runOnlyForDeploymentPostprocessing = 0;
		};
		77471DBB1A98EC17008CE1A2 /* Frameworks */ = {
			isa = PBXFrameworksBuildPhase;
			buildActionMask = 2147483647;
			files = (
			);
			runOnlyForDeploymentPostprocessing = 0;
		};
/* End PBXFrameworksBuildPhase section */

/* Begin PBXGroup section */
		77471DA01A98EC17008CE1A2 = {
			isa = PBXGroup;
			children = (
				77471DAB1A98EC17008CE1A2 /* Stormy */,
				77471DC11A98EC17008CE1A2 /* StormyTests */,
				77471DAA1A98EC17008CE1A2 /* Products */,
			);
			sourceTree = "<group>";
		};
		77471DAA1A98EC17008CE1A2 /* Products */ = {
			isa = PBXGroup;
			children = (
				77471DA91A98EC17008CE1A2 /* Stormy.app */,
				77471DBE1A98EC17008CE1A2 /* StormyTests.xctest */,
			);
			name = Products;
			sourceTree = "<group>";
		};
		77471DAB1A98EC17008CE1A2 /* Stormy */ = {
			isa = PBXGroup;
			children = (
				77471DCE1A98ECD9008CE1A2 /* Weather.swift */,
				77471DAE1A98EC17008CE1A2 /* AppDelegate.swift */,
				77471DB01A98EC17008CE1A2 /* ViewController.swift */,
				77471DB21A98EC17008CE1A2 /* Main.storyboard */,
				77471DB51A98EC17008CE1A2 /* Images.xcassets */,
				77471DB71A98EC17008CE1A2 /* LaunchScreen.xib */,
				77471DAC1A98EC17008CE1A2 /* Supporting Files */,
			);
			path = Stormy;
			sourceTree = "<group>";
		};
		77471DAC1A98EC17008CE1A2 /* Supporting Files */ = {
			isa = PBXGroup;
			children = (
				77471DAD1A98EC17008CE1A2 /* Info.plist */,
			);
			name = "Supporting Files";
			sourceTree = "<group>";
		};
		77471DC11A98EC17008CE1A2 /* StormyTests */ = {
			isa = PBXGroup;
			children = (
				77471DC41A98EC17008CE1A2 /* StormyTests.swift */,
				77471DC21A98EC17008CE1A2 /* Supporting Files */,
			);
			path = StormyTests;
			sourceTree = "<group>";
		};
		77471DC21A98EC17008CE1A2 /* Supporting Files */ = {
			isa = PBXGroup;
			children = (
				77471DC31A98EC17008CE1A2 /* Info.plist */,
			);
			name = "Supporting Files";
			sourceTree = "<group>";
		};
/* End PBXGroup section */

/* Begin PBXNativeTarget section */
		77471DA81A98EC17008CE1A2 /* Stormy */ = {
			isa = PBXNativeTarget;
			buildConfigurationList = 77471DC81A98EC17008CE1A2 /* Build configuration list for PBXNativeTarget "Stormy" */;
			buildPhases = (
				77471DA51A98EC17008CE1A2 /* Sources */,
				77471DA61A98EC17008CE1A2 /* Frameworks */,
				77471DA71A98EC17008CE1A2 /* Resources */,
			);
			buildRules = (
			);
			dependencies = (
			);
			name = Stormy;
			productName = Stormy;
			productReference = 77471DA91A98EC17008CE1A2 /* Stormy.app */;
			productType = "com.apple.product-type.application";
		};
		77471DBD1A98EC17008CE1A2 /* StormyTests */ = {
			isa = PBXNativeTarget;
			buildConfigurationList = 77471DCB1A98EC17008CE1A2 /* Build configuration list for PBXNativeTarget "StormyTests" */;
			buildPhases = (
				77471DBA1A98EC17008CE1A2 /* Sources */,
				77471DBB1A98EC17008CE1A2 /* Frameworks */,
				77471DBC1A98EC17008CE1A2 /* Resources */,
			);
			buildRules = (
			);
			dependencies = (
				77471DC01A98EC17008CE1A2 /* PBXTargetDependency */,
			);
			name = StormyTests;
			productName = StormyTests;
			productReference = 77471DBE1A98EC17008CE1A2 /* StormyTests.xctest */;
			productType = "com.apple.product-type.bundle.unit-test";
		};
/* End PBXNativeTarget section */

/* Begin PBXProject section */
		77471DA11A98EC17008CE1A2 /* Project object */ = {
			isa = PBXProject;
			attributes = {
				LastUpgradeCheck = 0610;
				ORGANIZATIONNAME = "Eric H";
				TargetAttributes = {
					77471DA81A98EC17008CE1A2 = {
						CreatedOnToolsVersion = 6.1.1;
					};
					77471DBD1A98EC17008CE1A2 = {
						CreatedOnToolsVersion = 6.1.1;
						TestTargetID = 77471DA81A98EC17008CE1A2;
					};
				};
			};
			buildConfigurationList = 77471DA41A98EC17008CE1A2 /* Build configuration list for PBXProject "Stormy" */;
			compatibilityVersion = "Xcode 3.2";
			developmentRegion = English;
			hasScannedForEncodings = 0;
			knownRegions = (
				en,
				Base,
			);
			mainGroup = 77471DA01A98EC17008CE1A2;
			productRefGroup = 77471DAA1A98EC17008CE1A2 /* Products */;
			projectDirPath = "";
			projectRoot = "";
			targets = (
				77471DA81A98EC17008CE1A2 /* Stormy */,
				77471DBD1A98EC17008CE1A2 /* StormyTests */,
			);
		};
/* End PBXProject section */

/* Begin PBXResourcesBuildPhase section */
		77471DA71A98EC17008CE1A2 /* Resources */ = {
			isa = PBXResourcesBuildPhase;
			buildActionMask = 2147483647;
			files = (
				77471DB41A98EC17008CE1A2 /* Main.storyboard in Resources */,
				77471DB91A98EC17008CE1A2 /* LaunchScreen.xib in Resources */,
				77471DB61A98EC17008CE1A2 /* Images.xcassets in Resources */,
			);
			runOnlyForDeploymentPostprocessing = 0;
		};
		77471DBC1A98EC17008CE1A2 /* Resources */ = {
			isa = PBXResourcesBuildPhase;
			buildActionMask = 2147483647;
			files = (
			);
			runOnlyForDeploymentPostprocessing = 0;
		};
/* End PBXResourcesBuildPhase section */

/* Begin PBXSourcesBuildPhase section */
		77471DA51A98EC17008CE1A2 /* Sources */ = {
			isa = PBXSourcesBuildPhase;
			buildActionMask = 2147483647;
			files = (
				77471DB11A98EC17008CE1A2 /* ViewController.swift in Sources */,
				77471DCF1A98ECD9008CE1A2 /* Weather.swift in Sources */,
				77471DAF1A98EC17008CE1A2 /* AppDelegate.swift in Sources */,
			);
			runOnlyForDeploymentPostprocessing = 0;
		};
		77471DBA1A98EC17008CE1A2 /* Sources */ = {
			isa = PBXSourcesBuildPhase;
			buildActionMask = 2147483647;
			files = (
				77471DC51A98EC17008CE1A2 /* StormyTests.swift in Sources */,
			);
			runOnlyForDeploymentPostprocessing = 0;
		};
/* End PBXSourcesBuildPhase section */

/* Begin PBXTargetDependency section */
		77471DC01A98EC17008CE1A2 /* PBXTargetDependency */ = {
			isa = PBXTargetDependency;
			target = 77471DA81A98EC17008CE1A2 /* Stormy */;
			targetProxy = 77471DBF1A98EC17008CE1A2 /* PBXContainerItemProxy */;
		};
/* End PBXTargetDependency section */

/* Begin PBXVariantGroup section */
		77471DB21A98EC17008CE1A2 /* Main.storyboard */ = {
			isa = PBXVariantGroup;
			children = (
				77471DB31A98EC17008CE1A2 /* Base */,
			);
			name = Main.storyboard;
			sourceTree = "<group>";
		};
		77471DB71A98EC17008CE1A2 /* LaunchScreen.xib */ = {
			isa = PBXVariantGroup;
			children = (
				77471DB81A98EC17008CE1A2 /* Base */,
			);
			name = LaunchScreen.xib;
			sourceTree = "<group>";
		};
/* End PBXVariantGroup section */

/* Begin XCBuildConfiguration section */
		77471DC61A98EC17008CE1A2 /* Debug */ = {
			isa = XCBuildConfiguration;
			buildSettings = {
				ALWAYS_SEARCH_USER_PATHS = NO;
				CLANG_CXX_LANGUAGE_STANDARD = "gnu++0x";
				CLANG_CXX_LIBRARY = "libc++";
				CLANG_ENABLE_MODULES = YES;
				CLANG_ENABLE_OBJC_ARC = YES;
				CLANG_WARN_BOOL_CONVERSION = YES;
				CLANG_WARN_CONSTANT_CONVERSION = YES;
				CLANG_WARN_DIRECT_OBJC_ISA_USAGE = YES_ERROR;
				CLANG_WARN_EMPTY_BODY = YES;
				CLANG_WARN_ENUM_CONVERSION = YES;
				CLANG_WARN_INT_CONVERSION = YES;
				CLANG_WARN_OBJC_ROOT_CLASS = YES_ERROR;
				CLANG_WARN_UNREACHABLE_CODE = YES;
				CLANG_WARN__DUPLICATE_METHOD_MATCH = YES;
				"CODE_SIGN_IDENTITY[sdk=iphoneos*]" = "iPhone Developer";
				COPY_PHASE_STRIP = NO;
				ENABLE_STRICT_OBJC_MSGSEND = YES;
				GCC_C_LANGUAGE_STANDARD = gnu99;
				GCC_DYNAMIC_NO_PIC = NO;
				GCC_OPTIMIZATION_LEVEL = 0;
				GCC_PREPROCESSOR_DEFINITIONS = (
					"DEBUG=1",
					"$(inherited)",
				);
				GCC_SYMBOLS_PRIVATE_EXTERN = NO;
				GCC_WARN_64_TO_32_BIT_CONVERSION = YES;
				GCC_WARN_ABOUT_RETURN_TYPE = YES_ERROR;
				GCC_WARN_UNDECLARED_SELECTOR = YES;
				GCC_WARN_UNINITIALIZED_AUTOS = YES_AGGRESSIVE;
				GCC_WARN_UNUSED_FUNCTION = YES;
				GCC_WARN_UNUSED_VARIABLE = YES;
				IPHONEOS_DEPLOYMENT_TARGET = 8.1;
				MTL_ENABLE_DEBUG_INFO = YES;
				ONLY_ACTIVE_ARCH = YES;
				SDKROOT = iphoneos;
				SWIFT_OPTIMIZATION_LEVEL = "-Onone";
				TARGETED_DEVICE_FAMILY = "1,2";
			};
			name = Debug;
		};
		77471DC71A98EC17008CE1A2 /* Release */ = {
			isa = XCBuildConfiguration;
			buildSettings = {
				ALWAYS_SEARCH_USER_PATHS = NO;
				CLANG_CXX_LANGUAGE_STANDARD = "gnu++0x";
				CLANG_CXX_LIBRARY = "libc++";
				CLANG_ENABLE_MODULES = YES;
				CLANG_ENABLE_OBJC_ARC = YES;
				CLANG_WARN_BOOL_CONVERSION = YES;
				CLANG_WARN_CONSTANT_CONVERSION = YES;
				CLANG_WARN_DIRECT_OBJC_ISA_USAGE = YES_ERROR;
				CLANG_WARN_EMPTY_BODY = YES;
				CLANG_WARN_ENUM_CONVERSION = YES;
				CLANG_WARN_INT_CONVERSION = YES;
				CLANG_WARN_OBJC_ROOT_CLASS = YES_ERROR;
				CLANG_WARN_UNREACHABLE_CODE = YES;
				CLANG_WARN__DUPLICATE_METHOD_MATCH = YES;
				"CODE_SIGN_IDENTITY[sdk=iphoneos*]" = "iPhone Developer";
				COPY_PHASE_STRIP = YES;
				ENABLE_NS_ASSERTIONS = NO;
				ENABLE_STRICT_OBJC_MSGSEND = YES;
				GCC_C_LANGUAGE_STANDARD = gnu99;
				GCC_WARN_64_TO_32_BIT_CONVERSION = YES;
				GCC_WARN_ABOUT_RETURN_TYPE = YES_ERROR;
				GCC_WARN_UNDECLARED_SELECTOR = YES;
				GCC_WARN_UNINITIALIZED_AUTOS = YES_AGGRESSIVE;
				GCC_WARN_UNUSED_FUNCTION = YES;
				GCC_WARN_UNUSED_VARIABLE = YES;
				IPHONEOS_DEPLOYMENT_TARGET = 8.1;
				MTL_ENABLE_DEBUG_INFO = NO;
				SDKROOT = iphoneos;
				TARGETED_DEVICE_FAMILY = "1,2";
				VALIDATE_PRODUCT = YES;
			};
			name = Release;
		};
		77471DC91A98EC17008CE1A2 /* Debug */ = {
			isa = XCBuildConfiguration;
			buildSettings = {
				ASSETCATALOG_COMPILER_APPICON_NAME = AppIcon;
				INFOPLIST_FILE = Stormy/Info.plist;
				LD_RUNPATH_SEARCH_PATHS = "$(inherited) @executable_path/Frameworks";
				PRODUCT_NAME = "$(TARGET_NAME)";
			};
			name = Debug;
		};
		77471DCA1A98EC17008CE1A2 /* Release */ = {
			isa = XCBuildConfiguration;
			buildSettings = {
				ASSETCATALOG_COMPILER_APPICON_NAME = AppIcon;
				INFOPLIST_FILE = Stormy/Info.plist;
				LD_RUNPATH_SEARCH_PATHS = "$(inherited) @executable_path/Frameworks";
				PRODUCT_NAME = "$(TARGET_NAME)";
			};
			name = Release;
		};
		77471DCC1A98EC17008CE1A2 /* Debug */ = {
			isa = XCBuildConfiguration;
			buildSettings = {
				BUNDLE_LOADER = "$(TEST_HOST)";
				FRAMEWORK_SEARCH_PATHS = (
					"$(SDKROOT)/Developer/Library/Frameworks",
					"$(inherited)",
				);
				GCC_PREPROCESSOR_DEFINITIONS = (
					"DEBUG=1",
					"$(inherited)",
				);
				INFOPLIST_FILE = StormyTests/Info.plist;
				LD_RUNPATH_SEARCH_PATHS = "$(inherited) @executable_path/Frameworks @loader_path/Frameworks";
				PRODUCT_NAME = "$(TARGET_NAME)";
				TEST_HOST = "$(BUILT_PRODUCTS_DIR)/Stormy.app/Stormy";
			};
			name = Debug;
		};
		77471DCD1A98EC17008CE1A2 /* Release */ = {
			isa = XCBuildConfiguration;
			buildSettings = {
				BUNDLE_LOADER = "$(TEST_HOST)";
				FRAMEWORK_SEARCH_PATHS = (
					"$(SDKROOT)/Developer/Library/Frameworks",
					"$(inherited)",
				);
				INFOPLIST_FILE = StormyTests/Info.plist;
				LD_RUNPATH_SEARCH_PATHS = "$(inherited) @executable_path/Frameworks @loader_path/Frameworks";
				PRODUCT_NAME = "$(TARGET_NAME)";
				TEST_HOST = "$(BUILT_PRODUCTS_DIR)/Stormy.app/Stormy";
			};
			name = Release;
		};
/* End XCBuildConfiguration section */

/* Begin XCConfigurationList section */
		77471DA41A98EC17008CE1A2 /* Build configuration list for PBXProject "Stormy" */ = {
			isa = XCConfigurationList;
			buildConfigurations = (
				77471DC61A98EC17008CE1A2 /* Debug */,
				77471DC71A98EC17008CE1A2 /* Release */,
			);
			defaultConfigurationIsVisible = 0;
			defaultConfigurationName = Release;
		};
		77471DC81A98EC17008CE1A2 /* Build configuration list for PBXNativeTarget "Stormy" */ = {
			isa = XCConfigurationList;
			buildConfigurations = (
				77471DC91A98EC17008CE1A2 /* Debug */,
				77471DCA1A98EC17008CE1A2 /* Release */,
			);
			defaultConfigurationIsVisible = 0;
			defaultConfigurationName = Release;
		};
		77471DCB1A98EC17008CE1A2 /* Build configuration list for PBXNativeTarget "StormyTests" */ = {
			isa = XCConfigurationList;
			buildConfigurations = (
				77471DCC1A98EC17008CE1A2 /* Debug */,
				77471DCD1A98EC17008CE1A2 /* Release */,
			);
			defaultConfigurationIsVisible = 0;
			defaultConfigurationName = Release;
		};
/* End XCConfigurationList section */
	};
	rootObject = 77471DA11A98EC17008CE1A2 /* Project object */;
}
